
Microsoft Visual Studio Solution File, Format Version 12.00
# Visual Studio Version 17
VisualStudioVersion = 17.9.34728.123
MinimumVisualStudioVersion = 10.0.40219.1
Project("{FAE04EC0-301F-11D3-BF4B-00C04F79EFBC}") = "Galaxy", "Galaxy\Galaxy.csproj", "{8CA9DD8D-BF5C-4F96-A30B-41A9D61C0307}"
EndProject
Global
	GlobalSection(SolutionConfigurationPlatforms) = preSolution
		Debug|Any CPU = Debug|Any CPU
		Release|Any CPU = Release|Any CPU
	EndGlobalSection
	GlobalSection(ProjectConfigurationPlatforms) = postSolution
		{8CA9DD8D-BF5C-4F96-A30B-41A9D61C0307}.Debug|Any CPU.ActiveCfg = Debug|Any CPU
		{8CA9DD8D-BF5C-4F96-A30B-41A9D61C0307}.Debug|Any CPU.Build.0 = Debug|Any CPU
		{8CA9DD8D-BF5C-4F96-A30B-41A9D61C0307}.Release|Any CPU.ActiveCfg = Release|Any CPU
		{8CA9DD8D-BF5C-4F96-A30B-41A9D61C0307}.Release|Any CPU.Build.0 = Release|Any CPU
	EndGlobalSection
	GlobalSection(SolutionProperties) = preSolution
		HideSolutionNode = FALSE
	EndGlobalSection
	GlobalSection(ExtensibilityGlobals) = postSolution
		SolutionGuid = {98E96163-A290-48F2-867E-9EC1440901D2}
	EndGlobalSection
EndGlobal
